
Microsoft Visual Studio Solution File, Format Version 12.00
Project("{2150E333-8FDC-42A3-9474-1A3956D46DE8}") = "web", "web", "{DB521FBE-9B99-4349-9736-6C3E6E418964}"
EndProject
Project("{2150E333-8FDC-42A3-9474-1A3956D46DE8}") = "solution-items", "solution-items", "{60E4E464-934E-42F0-8137-3F2BA8E3063B}"
	ProjectSection(SolutionItems) = preProject
		Directory.Build.props = Directory.Build.props
		.gitignore = .gitignore
		Directory.Packages.props = Directory.Packages.props
	EndProjectSection
EndProject
Project("{2150E333-8FDC-42A3-9474-1A3956D46DE8}") = "docker", "docker", "{AB8A13B8-6C50-4765-983A-63F1D78A777E}"
	ProjectSection(SolutionItems) = preProject
		docker\docker-compose.yml = docker\docker-compose.yml
		docker\app.Dockerfile = docker\app.Dockerfile
		docker\app.Dockerfile.dockerignore = docker\app.Dockerfile.dockerignore
	EndProjectSection
EndProject
Project("{FAE04EC0-301F-11D3-BF4B-00C04F79EFBC}") = "DM.Web.API", "src\DM.Web.API\DM.Web.API.csproj", "{456E0B6D-8774-443B-B395-D8B6F16EF71C}"
EndProject
Project("{2150E333-8FDC-42A3-9474-1A3956D46DE8}") = "github-actions", "github-actions", "{EAA9F9E3-2684-4C5C-BC70-403F8CE1C4A1}"
	ProjectSection(SolutionItems) = preProject
		.github\workflows\dotnet.yml = .github\workflows\dotnet.yml
	EndProjectSection
EndProject
Project("{2150E333-8FDC-42A3-9474-1A3956D46DE8}") = "test", "test", "{0C88DD14-F956-CE84-757C-A364CCF449FC}"
EndProject
Project("{FAE04EC0-301F-11D3-BF4B-00C04F79EFBC}") = "DM.Web.API.IntegrationTests", "test\DM.Web.API.IntegrationTests\DM.Web.API.IntegrationTests.csproj", "{DDCE17D6-EDE5-4652-B93F-36187BB6CEAC}"
EndProject
Project("{2150E333-8FDC-42A3-9474-1A3956D46DE8}") = "src", "src", "{827E0CD3-B72D-47B6-A68D-7590B98EB39B}"
EndProject
Project("{FAE04EC0-301F-11D3-BF4B-00C04F79EFBC}") = "DM.Domain.Core", "src\DM.Domain.Core\DM.Domain.Core.csproj", "{1DD41479-43C0-4EF9-8DEE-8E4C89ABC0B4}"
EndProject
Project("{FAE04EC0-301F-11D3-BF4B-00C04F79EFBC}") = "DM.Workers.Mail", "src\DM.Workers.Mail\DM.Workers.Mail.csproj", "{F769E490-C505-4FA2-A10D-D451C9936CA2}"
EndProject
Project("{FAE04EC0-301F-11D3-BF4B-00C04F79EFBC}") = "DM.Workers.NotificationDispatcher", "src\DM.Workers.NotificationDispatcher\DM.Workers.NotificationDispatcher.csproj", "{D397CBE3-5CA3-457E-9DCC-61EEC4CC67CA}"
EndProject
Project("{FAE04EC0-301F-11D3-BF4B-00C04F79EFBC}") = "DM.Infrastructure.Persistence", "src\DM.Infrastructure.Persistence\DM.Infrastructure.Persistence.csproj", "{30CD7E39-76E2-40F3-9E80-9BEBFD7FB614}"
EndProject
Project("{FAE04EC0-301F-11D3-BF4B-00C04F79EFBC}") = "DM.Infrastructure.Core", "src\DM.Infrastructure.Core\DM.Infrastructure.Core.csproj", "{40F69929-2843-472E-B523-42CA0CB00B52}"
EndProject
Project("{FAE04EC0-301F-11D3-BF4B-00C04F79EFBC}") = "DM.Infrastructure.Mail", "src\DM.Infrastructure.Mail\DM.Infrastructure.Mail.csproj", "{293BF9AA-1B23-4244-ACC4-DDED8B91959B}"
EndProject
Project("{FAE04EC0-301F-11D3-BF4B-00C04F79EFBC}") = "DM.Infrastructure.Messaging", "src\DM.Infrastructure.Messaging\DM.Infrastructure.Messaging.csproj", "{79FFAA07-4C6D-4AF6-B7AD-72B104C4DD0B}"
EndProject
Project("{FAE04EC0-301F-11D3-BF4B-00C04F79EFBC}") = "DM.Domain.Account", "src\DM.Domain.Account\DM.Domain.Account.csproj", "{EADA96A3-39B0-4815-8813-0E20AD736226}"
EndProject
Project("{FAE04EC0-301F-11D3-BF4B-00C04F79EFBC}") = "DM.Domain.Blog", "src\DM.Domain.Blog\DM.Domain.Blog.csproj", "{151C717D-42A2-4B40-840E-96828ABA3756}"
EndProject
Project("{FAE04EC0-301F-11D3-BF4B-00C04F79EFBC}") = "DM.Domain.Community", "src\DM.Domain.Community\DM.Domain.Community.csproj", "{F972757C-FC09-4DF5-B46D-96BA2C800A04}"
EndProject
Project("{FAE04EC0-301F-11D3-BF4B-00C04F79EFBC}") = "DM.Domain.Forum", "src\DM.Domain.Forum\DM.Domain.Forum.csproj", "{9FE67A15-A05E-44CD-A926-42FCED545225}"
EndProject
Project("{FAE04EC0-301F-11D3-BF4B-00C04F79EFBC}") = "DM.Domain.Game", "src\DM.Domain.Game\DM.Domain.Game.csproj", "{E6FDE7CE-47D0-4ADE-BFEB-5F21F57220A4}"
EndProject
Project("{FAE04EC0-301F-11D3-BF4B-00C04F79EFBC}") = "DM.Domain.Messaging", "src\DM.Domain.Messaging\DM.Domain.Messaging.csproj", "{7AA22F5A-E7E5-4CFE-AAF7-48613D2AA3E8}"
EndProject
Project("{FAE04EC0-301F-11D3-BF4B-00C04F79EFBC}") = "DM.Domain.Moderation", "src\DM.Domain.Moderation\DM.Domain.Moderation.csproj", "{0210968F-934C-417E-A48A-6EAB0F4DF08C}"
EndProject
Project("{FAE04EC0-301F-11D3-BF4B-00C04F79EFBC}") = "DM.Domain.Personal", "src\DM.Domain.Personal\DM.Domain.Personal.csproj", "{088A4D33-AC20-42FB-858A-E689C8217EA3}"
EndProject
Project("{FAE04EC0-301F-11D3-BF4B-00C04F79EFBC}") = "DM.Testing", "test\DM.Testing\DM.Testing.csproj", "{1D7B4C21-8BD2-4F4D-9A3A-044DC75E187C}"
EndProject
Project("{FAE04EC0-301F-11D3-BF4B-00C04F79EFBC}") = "DM.Domain.Account.Tests", "test\DM.Domain.Account.Tests\DM.Domain.Account.Tests.csproj", "{2ED903F3-2E06-458D-95A4-EDAE070B262D}"
EndProject
Project("{FAE04EC0-301F-11D3-BF4B-00C04F79EFBC}") = "DM.Domain.Game.Tests", "test\DM.Domain.Game.Tests\DM.Domain.Game.Tests.csproj", "{54196C75-7A8D-41B1-9D87-56E997046CA2}"
EndProject
Project("{FAE04EC0-301F-11D3-BF4B-00C04F79EFBC}") = "DM.Domain.Moderation.Tests", "test\DM.Domain.Moderation.Tests\DM.Domain.Moderation.Tests.csproj", "{A8E8871B-E5F7-4D85-AB94-CC7B190B280B}"
EndProject
Project("{FAE04EC0-301F-11D3-BF4B-00C04F79EFBC}") = "DM.Domain.Blog.Tests", "test\DM.Domain.Blog.Tests\DM.Domain.Blog.Tests.csproj", "{4F012C6C-982D-4A30-9C78-E203BB4457C6}"
EndProject
Project("{FAE04EC0-301F-11D3-BF4B-00C04F79EFBC}") = "DM.Domain.Community.Tests", "test\DM.Domain.Community.Tests\DM.Domain.Community.Tests.csproj", "{F973F992-F6EE-4DE6-B69B-7AB31A787A15}"
EndProject
Project("{FAE04EC0-301F-11D3-BF4B-00C04F79EFBC}") = "DM.Domain.Forum.Tests", "test\DM.Domain.Forum.Tests\DM.Domain.Forum.Tests.csproj", "{74799D58-9C62-4057-B31D-AD1BCF902B61}"
EndProject
Project("{FAE04EC0-301F-11D3-BF4B-00C04F79EFBC}") = "DM.Domain.Messaging.Tests", "test\DM.Domain.Messaging.Tests\DM.Domain.Messaging.Tests.csproj", "{1EA91A40-2E1D-47C8-AA03-8804A1CE4DDA}"
EndProject
Project("{FAE04EC0-301F-11D3-BF4B-00C04F79EFBC}") = "DM.Domain.Personal.Tests", "test\DM.Domain.Personal.Tests\DM.Domain.Personal.Tests.csproj", "{C822342F-1DD8-4B50-BAE8-6A6FA600B5AA}"
EndProject
Project("{FAE04EC0-301F-11D3-BF4B-00C04F79EFBC}") = "DM.Infrastructure.Core.Tests", "test\DM.Infrastructure.Core.Tests\DM.Infrastructure.Core.Tests.csproj", "{916D2868-9A6F-4FC5-A686-1015610FF391}"
EndProject
Project("{FAE04EC0-301F-11D3-BF4B-00C04F79EFBC}") = "DM.Infrastructure.Messaging.Tests", "test\DM.Infrastructure.Messaging.Tests\DM.Infrastructure.Messaging.Tests.csproj", "{E91D5335-D9AB-42D3-900C-325C0D18D254}"
EndProject
Project("{FAE04EC0-301F-11D3-BF4B-00C04F79EFBC}") = "DM.Infrastructure.Persistence.Tests", "test\DM.Infrastructure.Persistence.Tests\DM.Infrastructure.Persistence.Tests.csproj", "{864EDE5F-92DB-43C4-B960-92E46B2E2D0C}"
EndProject
Project("{FAE04EC0-301F-11D3-BF4B-00C04F79EFBC}") = "DM.Infrastructure.Mail.Tests", "test\DM.Infrastructure.Mail.Tests\DM.Infrastructure.Mail.Tests.csproj", "{0E12F400-9507-45A7-B1FF-EC7E85CD6234}"
EndProject
Project("{FAE04EC0-301F-11D3-BF4B-00C04F79EFBC}") = "DM.Web.API.Tests", "test\DM.Web.API.Tests\DM.Web.API.Tests.csproj", "{8FC249CB-549B-4BEF-85E7-FAE1AEE3CAA4}"
EndProject
Project("{FAE04EC0-301F-11D3-BF4B-00C04F79EFBC}") = "DM.Tools.Seeder", "src\DM.Tools.Seeder\DM.Tools.Seeder.csproj", "{4D157183-B579-4141-BF18-DF9450335260}"
EndProject
Project("{FAE04EC0-301F-11D3-BF4B-00C04F79EFBC}") = "DM.Architecture.Tests", "test\DM.Architecture.Tests\DM.Architecture.Tests.csproj", "{D934033B-B48F-4101-878A-54241C95BC18}"
EndProject
Project("{FAE04EC0-301F-11D3-BF4B-00C04F79EFBC}") = "DM.Workers.NotificationDispatcher.Tests", "test\DM.Workers.NotificationDispatcher.Tests\DM.Workers.NotificationDispatcher.Tests.csproj", "{D9D98A64-1460-4157-BF66-28B93C0D3E1D}"
EndProject
Project("{FAE04EC0-301F-11D3-BF4B-00C04F79EFBC}") = "DM.Domain.Core.Tests", "test\DM.Domain.Core.Tests\DM.Domain.Core.Tests.csproj", "{E41731EC-2054-4EF0-99D6-CB1492ACFF57}"
EndProject
Project("{FAE04EC0-301F-11D3-BF4B-00C04F79EFBC}") = "DM.Workers.Mail.Tests", "test\DM.Workers.Mail.Tests\DM.Workers.Mail.Tests.csproj", "{3F5A6D02-9C41-4B87-8E5D-71C0A2B4E619}"
EndProject
Project("{FAE04EC0-301F-11D3-BF4B-00C04F79EFBC}") = "BBCodeParser", "src\BBCodeParser\BBCodeParser.csproj", "{4E2468D9-BEF4-4E34-B9A1-9CFB95B65CAE}"
EndProject
Global
	GlobalSection(SolutionConfigurationPlatforms) = preSolution
		Debug|Any CPU = Debug|Any CPU
		Debug|x64 = Debug|x64
		Debug|x86 = Debug|x86
		Release|Any CPU = Release|Any CPU
		Release|x64 = Release|x64
		Release|x86 = Release|x86
	EndGlobalSection
	GlobalSection(ProjectConfigurationPlatforms) = postSolution
		{456E0B6D-8774-443B-B395-D8B6F16EF71C}.Debug|Any CPU.ActiveCfg = Debug|Any CPU
		{456E0B6D-8774-443B-B395-D8B6F16EF71C}.Debug|Any CPU.Build.0 = Debug|Any CPU
		{456E0B6D-8774-443B-B395-D8B6F16EF71C}.Debug|x64.ActiveCfg = Debug|Any CPU
		{456E0B6D-8774-443B-B395-D8B6F16EF71C}.Debug|x64.Build.0 = Debug|Any CPU
		{456E0B6D-8774-443B-B395-D8B6F16EF71C}.Debug|x86.ActiveCfg = Debug|Any CPU
		{456E0B6D-8774-443B-B395-D8B6F16EF71C}.Debug|x86.Build.0 = Debug|Any CPU
		{456E0B6D-8774-443B-B395-D8B6F16EF71C}.Release|Any CPU.ActiveCfg = Release|Any CPU
		{456E0B6D-8774-443B-B395-D8B6F16EF71C}.Release|Any CPU.Build.0 = Release|Any CPU
		{456E0B6D-8774-443B-B395-D8B6F16EF71C}.Release|x64.ActiveCfg = Release|Any CPU
		{456E0B6D-8774-443B-B395-D8B6F16EF71C}.Release|x64.Build.0 = Release|Any CPU
		{456E0B6D-8774-443B-B395-D8B6F16EF71C}.Release|x86.ActiveCfg = Release|Any CPU
		{456E0B6D-8774-443B-B395-D8B6F16EF71C}.Release|x86.Build.0 = Release|Any CPU
		{DDCE17D6-EDE5-4652-B93F-36187BB6CEAC}.Debug|Any CPU.ActiveCfg = Debug|Any CPU
		{DDCE17D6-EDE5-4652-B93F-36187BB6CEAC}.Debug|Any CPU.Build.0 = Debug|Any CPU
		{DDCE17D6-EDE5-4652-B93F-36187BB6CEAC}.Debug|x64.ActiveCfg = Debug|Any CPU
		{DDCE17D6-EDE5-4652-B93F-36187BB6CEAC}.Debug|x64.Build.0 = Debug|Any CPU
		{DDCE17D6-EDE5-4652-B93F-36187BB6CEAC}.Debug|x86.ActiveCfg = Debug|Any CPU
		{DDCE17D6-EDE5-4652-B93F-36187BB6CEAC}.Debug|x86.Build.0 = Debug|Any CPU
		{DDCE17D6-EDE5-4652-B93F-36187BB6CEAC}.Release|Any CPU.ActiveCfg = Release|Any CPU
		{DDCE17D6-EDE5-4652-B93F-36187BB6CEAC}.Release|Any CPU.Build.0 = Release|Any CPU
		{DDCE17D6-EDE5-4652-B93F-36187BB6CEAC}.Release|x64.ActiveCfg = Release|Any CPU
		{DDCE17D6-EDE5-4652-B93F-36187BB6CEAC}.Release|x64.Build.0 = Release|Any CPU
		{DDCE17D6-EDE5-4652-B93F-36187BB6CEAC}.Release|x86.ActiveCfg = Release|Any CPU
		{DDCE17D6-EDE5-4652-B93F-36187BB6CEAC}.Release|x86.Build.0 = Release|Any CPU
		{1DD41479-43C0-4EF9-8DEE-8E4C89ABC0B4}.Debug|Any CPU.ActiveCfg = Debug|Any CPU
		{1DD41479-43C0-4EF9-8DEE-8E4C89ABC0B4}.Debug|Any CPU.Build.0 = Debug|Any CPU
		{1DD41479-43C0-4EF9-8DEE-8E4C89ABC0B4}.Debug|x64.ActiveCfg = Debug|Any CPU
		{1DD41479-43C0-4EF9-8DEE-8E4C89ABC0B4}.Debug|x64.Build.0 = Debug|Any CPU
		{1DD41479-43C0-4EF9-8DEE-8E4C89ABC0B4}.Debug|x86.ActiveCfg = Debug|Any CPU
		{1DD41479-43C0-4EF9-8DEE-8E4C89ABC0B4}.Debug|x86.Build.0 = Debug|Any CPU
		{1DD41479-43C0-4EF9-8DEE-8E4C89ABC0B4}.Release|Any CPU.ActiveCfg = Release|Any CPU
		{1DD41479-43C0-4EF9-8DEE-8E4C89ABC0B4}.Release|Any CPU.Build.0 = Release|Any CPU
		{1DD41479-43C0-4EF9-8DEE-8E4C89ABC0B4}.Release|x64.ActiveCfg = Release|Any CPU
		{1DD41479-43C0-4EF9-8DEE-8E4C89ABC0B4}.Release|x64.Build.0 = Release|Any CPU
		{1DD41479-43C0-4EF9-8DEE-8E4C89ABC0B4}.Release|x86.ActiveCfg = Release|Any CPU
		{1DD41479-43C0-4EF9-8DEE-8E4C89ABC0B4}.Release|x86.Build.0 = Release|Any CPU
		{F769E490-C505-4FA2-A10D-D451C9936CA2}.Debug|Any CPU.ActiveCfg = Debug|Any CPU
		{F769E490-C505-4FA2-A10D-D451C9936CA2}.Debug|Any CPU.Build.0 = Debug|Any CPU
		{F769E490-C505-4FA2-A10D-D451C9936CA2}.Debug|x64.ActiveCfg = Debug|Any CPU
		{F769E490-C505-4FA2-A10D-D451C9936CA2}.Debug|x64.Build.0 = Debug|Any CPU
		{F769E490-C505-4FA2-A10D-D451C9936CA2}.Debug|x86.ActiveCfg = Debug|Any CPU
		{F769E490-C505-4FA2-A10D-D451C9936CA2}.Debug|x86.Build.0 = Debug|Any CPU
		{F769E490-C505-4FA2-A10D-D451C9936CA2}.Release|Any CPU.ActiveCfg = Release|Any CPU
		{F769E490-C505-4FA2-A10D-D451C9936CA2}.Release|Any CPU.Build.0 = Release|Any CPU
		{F769E490-C505-4FA2-A10D-D451C9936CA2}.Release|x64.ActiveCfg = Release|Any CPU
		{F769E490-C505-4FA2-A10D-D451C9936CA2}.Release|x64.Build.0 = Release|Any CPU
		{F769E490-C505-4FA2-A10D-D451C9936CA2}.Release|x86.ActiveCfg = Release|Any CPU
		{F769E490-C505-4FA2-A10D-D451C9936CA2}.Release|x86.Build.0 = Release|Any CPU
		{D397CBE3-5CA3-457E-9DCC-61EEC4CC67CA}.Debug|Any CPU.ActiveCfg = Debug|Any CPU
		{D397CBE3-5CA3-457E-9DCC-61EEC4CC67CA}.Debug|Any CPU.Build.0 = Debug|Any CPU
		{D397CBE3-5CA3-457E-9DCC-61EEC4CC67CA}.Debug|x64.ActiveCfg = Debug|Any CPU
		{D397CBE3-5CA3-457E-9DCC-61EEC4CC67CA}.Debug|x64.Build.0 = Debug|Any CPU
		{D397CBE3-5CA3-457E-9DCC-61EEC4CC67CA}.Debug|x86.ActiveCfg = Debug|Any CPU
		{D397CBE3-5CA3-457E-9DCC-61EEC4CC67CA}.Debug|x86.Build.0 = Debug|Any CPU
		{D397CBE3-5CA3-457E-9DCC-61EEC4CC67CA}.Release|Any CPU.ActiveCfg = Release|Any CPU
		{D397CBE3-5CA3-457E-9DCC-61EEC4CC67CA}.Release|Any CPU.Build.0 = Release|Any CPU
		{D397CBE3-5CA3-457E-9DCC-61EEC4CC67CA}.Release|x64.ActiveCfg = Release|Any CPU
		{D397CBE3-5CA3-457E-9DCC-61EEC4CC67CA}.Release|x64.Build.0 = Release|Any CPU
		{D397CBE3-5CA3-457E-9DCC-61EEC4CC67CA}.Release|x86.ActiveCfg = Release|Any CPU
		{D397CBE3-5CA3-457E-9DCC-61EEC4CC67CA}.Release|x86.Build.0 = Release|Any CPU
		{30CD7E39-76E2-40F3-9E80-9BEBFD7FB614}.Debug|Any CPU.ActiveCfg = Debug|Any CPU
		{30CD7E39-76E2-40F3-9E80-9BEBFD7FB614}.Debug|Any CPU.Build.0 = Debug|Any CPU
		{30CD7E39-76E2-40F3-9E80-9BEBFD7FB614}.Debug|x64.ActiveCfg = Debug|Any CPU
		{30CD7E39-76E2-40F3-9E80-9BEBFD7FB614}.Debug|x64.Build.0 = Debug|Any CPU
		{30CD7E39-76E2-40F3-9E80-9BEBFD7FB614}.Debug|x86.ActiveCfg = Debug|Any CPU
		{30CD7E39-76E2-40F3-9E80-9BEBFD7FB614}.Debug|x86.Build.0 = Debug|Any CPU
		{30CD7E39-76E2-40F3-9E80-9BEBFD7FB614}.Release|Any CPU.ActiveCfg = Release|Any CPU
		{30CD7E39-76E2-40F3-9E80-9BEBFD7FB614}.Release|Any CPU.Build.0 = Release|Any CPU
		{30CD7E39-76E2-40F3-9E80-9BEBFD7FB614}.Release|x64.ActiveCfg = Release|Any CPU
		{30CD7E39-76E2-40F3-9E80-9BEBFD7FB614}.Release|x64.Build.0 = Release|Any CPU
		{30CD7E39-76E2-40F3-9E80-9BEBFD7FB614}.Release|x86.ActiveCfg = Release|Any CPU
		{30CD7E39-76E2-40F3-9E80-9BEBFD7FB614}.Release|x86.Build.0 = Release|Any CPU
		{40F69929-2843-472E-B523-42CA0CB00B52}.Debug|Any CPU.ActiveCfg = Debug|Any CPU
		{40F69929-2843-472E-B523-42CA0CB00B52}.Debug|Any CPU.Build.0 = Debug|Any CPU
		{40F69929-2843-472E-B523-42CA0CB00B52}.Debug|x64.ActiveCfg = Debug|Any CPU
		{40F69929-2843-472E-B523-42CA0CB00B52}.Debug|x64.Build.0 = Debug|Any CPU
		{40F69929-2843-472E-B523-42CA0CB00B52}.Debug|x86.ActiveCfg = Debug|Any CPU
		{40F69929-2843-472E-B523-42CA0CB00B52}.Debug|x86.Build.0 = Debug|Any CPU
		{40F69929-2843-472E-B523-42CA0CB00B52}.Release|Any CPU.ActiveCfg = Release|Any CPU
		{40F69929-2843-472E-B523-42CA0CB00B52}.Release|Any CPU.Build.0 = Release|Any CPU
		{40F69929-2843-472E-B523-42CA0CB00B52}.Release|x64.ActiveCfg = Release|Any CPU
		{40F69929-2843-472E-B523-42CA0CB00B52}.Release|x64.Build.0 = Release|Any CPU
		{40F69929-2843-472E-B523-42CA0CB00B52}.Release|x86.ActiveCfg = Release|Any CPU
		{40F69929-2843-472E-B523-42CA0CB00B52}.Release|x86.Build.0 = Release|Any CPU
		{293BF9AA-1B23-4244-ACC4-DDED8B91959B}.Debug|Any CPU.ActiveCfg = Debug|Any CPU
		{293BF9AA-1B23-4244-ACC4-DDED8B91959B}.Debug|Any CPU.Build.0 = Debug|Any CPU
		{293BF9AA-1B23-4244-ACC4-DDED8B91959B}.Debug|x64.ActiveCfg = Debug|Any CPU
		{293BF9AA-1B23-4244-ACC4-DDED8B91959B}.Debug|x64.Build.0 = Debug|Any CPU
		{293BF9AA-1B23-4244-ACC4-DDED8B91959B}.Debug|x86.ActiveCfg = Debug|Any CPU
		{293BF9AA-1B23-4244-ACC4-DDED8B91959B}.Debug|x86.Build.0 = Debug|Any CPU
		{293BF9AA-1B23-4244-ACC4-DDED8B91959B}.Release|Any CPU.ActiveCfg = Release|Any CPU
		{293BF9AA-1B23-4244-ACC4-DDED8B91959B}.Release|Any CPU.Build.0 = Release|Any CPU
		{293BF9AA-1B23-4244-ACC4-DDED8B91959B}.Release|x64.ActiveCfg = Release|Any CPU
		{293BF9AA-1B23-4244-ACC4-DDED8B91959B}.Release|x64.Build.0 = Release|Any CPU
		{293BF9AA-1B23-4244-ACC4-DDED8B91959B}.Release|x86.ActiveCfg = Release|Any CPU
		{293BF9AA-1B23-4244-ACC4-DDED8B91959B}.Release|x86.Build.0 = Release|Any CPU
		{79FFAA07-4C6D-4AF6-B7AD-72B104C4DD0B}.Debug|Any CPU.ActiveCfg = Debug|Any CPU
		{79FFAA07-4C6D-4AF6-B7AD-72B104C4DD0B}.Debug|Any CPU.Build.0 = Debug|Any CPU
		{79FFAA07-4C6D-4AF6-B7AD-72B104C4DD0B}.Debug|x64.ActiveCfg = Debug|Any CPU
		{79FFAA07-4C6D-4AF6-B7AD-72B104C4DD0B}.Debug|x64.Build.0 = Debug|Any CPU
		{79FFAA07-4C6D-4AF6-B7AD-72B104C4DD0B}.Debug|x86.ActiveCfg = Debug|Any CPU
		{79FFAA07-4C6D-4AF6-B7AD-72B104C4DD0B}.Debug|x86.Build.0 = Debug|Any CPU
		{79FFAA07-4C6D-4AF6-B7AD-72B104C4DD0B}.Release|Any CPU.ActiveCfg = Release|Any CPU
		{79FFAA07-4C6D-4AF6-B7AD-72B104C4DD0B}.Release|Any CPU.Build.0 = Release|Any CPU
		{79FFAA07-4C6D-4AF6-B7AD-72B104C4DD0B}.Release|x64.ActiveCfg = Release|Any CPU
		{79FFAA07-4C6D-4AF6-B7AD-72B104C4DD0B}.Release|x64.Build.0 = Release|Any CPU
		{79FFAA07-4C6D-4AF6-B7AD-72B104C4DD0B}.Release|x86.ActiveCfg = Release|Any CPU
		{79FFAA07-4C6D-4AF6-B7AD-72B104C4DD0B}.Release|x86.Build.0 = Release|Any CPU
		{EADA96A3-39B0-4815-8813-0E20AD736226}.Debug|Any CPU.ActiveCfg = Debug|Any CPU
		{EADA96A3-39B0-4815-8813-0E20AD736226}.Debug|Any CPU.Build.0 = Debug|Any CPU
		{EADA96A3-39B0-4815-8813-0E20AD736226}.Debug|x64.ActiveCfg = Debug|Any CPU
		{EADA96A3-39B0-4815-8813-0E20AD736226}.Debug|x64.Build.0 = Debug|Any CPU
		{EADA96A3-39B0-4815-8813-0E20AD736226}.Debug|x86.ActiveCfg = Debug|Any CPU
		{EADA96A3-39B0-4815-8813-0E20AD736226}.Debug|x86.Build.0 = Debug|Any CPU
		{EADA96A3-39B0-4815-8813-0E20AD736226}.Release|Any CPU.ActiveCfg = Release|Any CPU
		{EADA96A3-39B0-4815-8813-0E20AD736226}.Release|Any CPU.Build.0 = Release|Any CPU
		{EADA96A3-39B0-4815-8813-0E20AD736226}.Release|x64.ActiveCfg = Release|Any CPU
		{EADA96A3-39B0-4815-8813-0E20AD736226}.Release|x64.Build.0 = Release|Any CPU
		{EADA96A3-39B0-4815-8813-0E20AD736226}.Release|x86.ActiveCfg = Release|Any CPU
		{EADA96A3-39B0-4815-8813-0E20AD736226}.Release|x86.Build.0 = Release|Any CPU
		{151C717D-42A2-4B40-840E-96828ABA3756}.Debug|Any CPU.ActiveCfg = Debug|Any CPU
		{151C717D-42A2-4B40-840E-96828ABA3756}.Debug|Any CPU.Build.0 = Debug|Any CPU
		{151C717D-42A2-4B40-840E-96828ABA3756}.Debug|x64.ActiveCfg = Debug|Any CPU
		{151C717D-42A2-4B40-840E-96828ABA3756}.Debug|x64.Build.0 = Debug|Any CPU
		{151C717D-42A2-4B40-840E-96828ABA3756}.Debug|x86.ActiveCfg = Debug|Any CPU
		{151C717D-42A2-4B40-840E-96828ABA3756}.Debug|x86.Build.0 = Debug|Any CPU
		{151C717D-42A2-4B40-840E-96828ABA3756}.Release|Any CPU.ActiveCfg = Release|Any CPU
		{151C717D-42A2-4B40-840E-96828ABA3756}.Release|Any CPU.Build.0 = Release|Any CPU
		{151C717D-42A2-4B40-840E-96828ABA3756}.Release|x64.ActiveCfg = Release|Any CPU
		{151C717D-42A2-4B40-840E-96828ABA3756}.Release|x64.Build.0 = Release|Any CPU
		{151C717D-42A2-4B40-840E-96828ABA3756}.Release|x86.ActiveCfg = Release|Any CPU
		{151C717D-42A2-4B40-840E-96828ABA3756}.Release|x86.Build.0 = Release|Any CPU
		{F972757C-FC09-4DF5-B46D-96BA2C800A04}.Debug|Any CPU.ActiveCfg = Debug|Any CPU
		{F972757C-FC09-4DF5-B46D-96BA2C800A04}.Debug|Any CPU.Build.0 = Debug|Any CPU
		{F972757C-FC09-4DF5-B46D-96BA2C800A04}.Debug|x64.ActiveCfg = Debug|Any CPU
		{F972757C-FC09-4DF5-B46D-96BA2C800A04}.Debug|x64.Build.0 = Debug|Any CPU
		{F972757C-FC09-4DF5-B46D-96BA2C800A04}.Debug|x86.ActiveCfg = Debug|Any CPU
		{F972757C-FC09-4DF5-B46D-96BA2C800A04}.Debug|x86.Build.0 = Debug|Any CPU
		{F972757C-FC09-4DF5-B46D-96BA2C800A04}.Release|Any CPU.ActiveCfg = Release|Any CPU
		{F972757C-FC09-4DF5-B46D-96BA2C800A04}.Release|Any CPU.Build.0 = Release|Any CPU
		{F972757C-FC09-4DF5-B46D-96BA2C800A04}.Release|x64.ActiveCfg = Release|Any CPU
		{F972757C-FC09-4DF5-B46D-96BA2C800A04}.Release|x64.Build.0 = Release|Any CPU
		{F972757C-FC09-4DF5-B46D-96BA2C800A04}.Release|x86.ActiveCfg = Release|Any CPU
		{F972757C-FC09-4DF5-B46D-96BA2C800A04}.Release|x86.Build.0 = Release|Any CPU
		{9FE67A15-A05E-44CD-A926-42FCED545225}.Debug|Any CPU.ActiveCfg = Debug|Any CPU
		{9FE67A15-A05E-44CD-A926-42FCED545225}.Debug|Any CPU.Build.0 = Debug|Any CPU
		{9FE67A15-A05E-44CD-A926-42FCED545225}.Debug|x64.ActiveCfg = Debug|Any CPU
		{9FE67A15-A05E-44CD-A926-42FCED545225}.Debug|x64.Build.0 = Debug|Any CPU
		{9FE67A15-A05E-44CD-A926-42FCED545225}.Debug|x86.ActiveCfg = Debug|Any CPU
		{9FE67A15-A05E-44CD-A926-42FCED545225}.Debug|x86.Build.0 = Debug|Any CPU
		{9FE67A15-A05E-44CD-A926-42FCED545225}.Release|Any CPU.ActiveCfg = Release|Any CPU
		{9FE67A15-A05E-44CD-A926-42FCED545225}.Release|Any CPU.Build.0 = Release|Any CPU
		{9FE67A15-A05E-44CD-A926-42FCED545225}.Release|x64.ActiveCfg = Release|Any CPU
		{9FE67A15-A05E-44CD-A926-42FCED545225}.Release|x64.Build.0 = Release|Any CPU
		{9FE67A15-A05E-44CD-A926-42FCED545225}.Release|x86.ActiveCfg = Release|Any CPU
		{9FE67A15-A05E-44CD-A926-42FCED545225}.Release|x86.Build.0 = Release|Any CPU
		{E6FDE7CE-47D0-4ADE-BFEB-5F21F57220A4}.Debug|Any CPU.ActiveCfg = Debug|Any CPU
		{E6FDE7CE-47D0-4ADE-BFEB-5F21F57220A4}.Debug|Any CPU.Build.0 = Debug|Any CPU
		{E6FDE7CE-47D0-4ADE-BFEB-5F21F57220A4}.Debug|x64.ActiveCfg = Debug|Any CPU
		{E6FDE7CE-47D0-4ADE-BFEB-5F21F57220A4}.Debug|x64.Build.0 = Debug|Any CPU
		{E6FDE7CE-47D0-4ADE-BFEB-5F21F57220A4}.Debug|x86.ActiveCfg = Debug|Any CPU
		{E6FDE7CE-47D0-4ADE-BFEB-5F21F57220A4}.Debug|x86.Build.0 = Debug|Any CPU
		{E6FDE7CE-47D0-4ADE-BFEB-5F21F57220A4}.Release|Any CPU.ActiveCfg = Release|Any CPU
		{E6FDE7CE-47D0-4ADE-BFEB-5F21F57220A4}.Release|Any CPU.Build.0 = Release|Any CPU
		{E6FDE7CE-47D0-4ADE-BFEB-5F21F57220A4}.Release|x64.ActiveCfg = Release|Any CPU
		{E6FDE7CE-47D0-4ADE-BFEB-5F21F57220A4}.Release|x64.Build.0 = Release|Any CPU
		{E6FDE7CE-47D0-4ADE-BFEB-5F21F57220A4}.Release|x86.ActiveCfg = Release|Any CPU
		{E6FDE7CE-47D0-4ADE-BFEB-5F21F57220A4}.Release|x86.Build.0 = Release|Any CPU
		{7AA22F5A-E7E5-4CFE-AAF7-48613D2AA3E8}.Debug|Any CPU.ActiveCfg = Debug|Any CPU
		{7AA22F5A-E7E5-4CFE-AAF7-48613D2AA3E8}.Debug|Any CPU.Build.0 = Debug|Any CPU
		{7AA22F5A-E7E5-4CFE-AAF7-48613D2AA3E8}.Debug|x64.ActiveCfg = Debug|Any CPU
		{7AA22F5A-E7E5-4CFE-AAF7-48613D2AA3E8}.Debug|x64.Build.0 = Debug|Any CPU
		{7AA22F5A-E7E5-4CFE-AAF7-48613D2AA3E8}.Debug|x86.ActiveCfg = Debug|Any CPU
		{7AA22F5A-E7E5-4CFE-AAF7-48613D2AA3E8}.Debug|x86.Build.0 = Debug|Any CPU
		{7AA22F5A-E7E5-4CFE-AAF7-48613D2AA3E8}.Release|Any CPU.ActiveCfg = Release|Any CPU
		{7AA22F5A-E7E5-4CFE-AAF7-48613D2AA3E8}.Release|Any CPU.Build.0 = Release|Any CPU
		{7AA22F5A-E7E5-4CFE-AAF7-48613D2AA3E8}.Release|x64.ActiveCfg = Release|Any CPU
		{7AA22F5A-E7E5-4CFE-AAF7-48613D2AA3E8}.Release|x64.Build.0 = Release|Any CPU
		{7AA22F5A-E7E5-4CFE-AAF7-48613D2AA3E8}.Release|x86.ActiveCfg = Release|Any CPU
		{7AA22F5A-E7E5-4CFE-AAF7-48613D2AA3E8}.Release|x86.Build.0 = Release|Any CPU
		{0210968F-934C-417E-A48A-6EAB0F4DF08C}.Debug|Any CPU.ActiveCfg = Debug|Any CPU
		{0210968F-934C-417E-A48A-6EAB0F4DF08C}.Debug|Any CPU.Build.0 = Debug|Any CPU
		{0210968F-934C-417E-A48A-6EAB0F4DF08C}.Debug|x64.ActiveCfg = Debug|Any CPU
		{0210968F-934C-417E-A48A-6EAB0F4DF08C}.Debug|x64.Build.0 = Debug|Any CPU
		{0210968F-934C-417E-A48A-6EAB0F4DF08C}.Debug|x86.ActiveCfg = Debug|Any CPU
		{0210968F-934C-417E-A48A-6EAB0F4DF08C}.Debug|x86.Build.0 = Debug|Any CPU
		{0210968F-934C-417E-A48A-6EAB0F4DF08C}.Release|Any CPU.ActiveCfg = Release|Any CPU
		{0210968F-934C-417E-A48A-6EAB0F4DF08C}.Release|Any CPU.Build.0 = Release|Any CPU
		{0210968F-934C-417E-A48A-6EAB0F4DF08C}.Release|x64.ActiveCfg = Release|Any CPU
		{0210968F-934C-417E-A48A-6EAB0F4DF08C}.Release|x64.Build.0 = Release|Any CPU
		{0210968F-934C-417E-A48A-6EAB0F4DF08C}.Release|x86.ActiveCfg = Release|Any CPU
		{0210968F-934C-417E-A48A-6EAB0F4DF08C}.Release|x86.Build.0 = Release|Any CPU
		{088A4D33-AC20-42FB-858A-E689C8217EA3}.Debug|Any CPU.ActiveCfg = Debug|Any CPU
		{088A4D33-AC20-42FB-858A-E689C8217EA3}.Debug|Any CPU.Build.0 = Debug|Any CPU
		{088A4D33-AC20-42FB-858A-E689C8217EA3}.Debug|x64.ActiveCfg = Debug|Any CPU
		{088A4D33-AC20-42FB-858A-E689C8217EA3}.Debug|x64.Build.0 = Debug|Any CPU
		{088A4D33-AC20-42FB-858A-E689C8217EA3}.Debug|x86.ActiveCfg = Debug|Any CPU
		{088A4D33-AC20-42FB-858A-E689C8217EA3}.Debug|x86.Build.0 = Debug|Any CPU
		{088A4D33-AC20-42FB-858A-E689C8217EA3}.Release|Any CPU.ActiveCfg = Release|Any CPU
		{088A4D33-AC20-42FB-858A-E689C8217EA3}.Release|Any CPU.Build.0 = Release|Any CPU
		{088A4D33-AC20-42FB-858A-E689C8217EA3}.Release|x64.ActiveCfg = Release|Any CPU
		{088A4D33-AC20-42FB-858A-E689C8217EA3}.Release|x64.Build.0 = Release|Any CPU
		{088A4D33-AC20-42FB-858A-E689C8217EA3}.Release|x86.ActiveCfg = Release|Any CPU
		{088A4D33-AC20-42FB-858A-E689C8217EA3}.Release|x86.Build.0 = Release|Any CPU
		{1D7B4C21-8BD2-4F4D-9A3A-044DC75E187C}.Debug|Any CPU.ActiveCfg = Debug|Any CPU
		{1D7B4C21-8BD2-4F4D-9A3A-044DC75E187C}.Debug|Any CPU.Build.0 = Debug|Any CPU
		{1D7B4C21-8BD2-4F4D-9A3A-044DC75E187C}.Debug|x64.ActiveCfg = Debug|Any CPU
		{1D7B4C21-8BD2-4F4D-9A3A-044DC75E187C}.Debug|x64.Build.0 = Debug|Any CPU
		{1D7B4C21-8BD2-4F4D-9A3A-044DC75E187C}.Debug|x86.ActiveCfg = Debug|Any CPU
		{1D7B4C21-8BD2-4F4D-9A3A-044DC75E187C}.Debug|x86.Build.0 = Debug|Any CPU
		{1D7B4C21-8BD2-4F4D-9A3A-044DC75E187C}.Release|Any CPU.ActiveCfg = Release|Any CPU
		{1D7B4C21-8BD2-4F4D-9A3A-044DC75E187C}.Release|Any CPU.Build.0 = Release|Any CPU
		{1D7B4C21-8BD2-4F4D-9A3A-044DC75E187C}.Release|x64.ActiveCfg = Release|Any CPU
		{1D7B4C21-8BD2-4F4D-9A3A-044DC75E187C}.Release|x64.Build.0 = Release|Any CPU
		{1D7B4C21-8BD2-4F4D-9A3A-044DC75E187C}.Release|x86.ActiveCfg = Release|Any CPU
		{1D7B4C21-8BD2-4F4D-9A3A-044DC75E187C}.Release|x86.Build.0 = Release|Any CPU
		{2ED903F3-2E06-458D-95A4-EDAE070B262D}.Debug|Any CPU.ActiveCfg = Debug|Any CPU
		{2ED903F3-2E06-458D-95A4-EDAE070B262D}.Debug|Any CPU.Build.0 = Debug|Any CPU
		{2ED903F3-2E06-458D-95A4-EDAE070B262D}.Debug|x64.ActiveCfg = Debug|Any CPU
		{2ED903F3-2E06-458D-95A4-EDAE070B262D}.Debug|x64.Build.0 = Debug|Any CPU
		{2ED903F3-2E06-458D-95A4-EDAE070B262D}.Debug|x86.ActiveCfg = Debug|Any CPU
		{2ED903F3-2E06-458D-95A4-EDAE070B262D}.Debug|x86.Build.0 = Debug|Any CPU
		{2ED903F3-2E06-458D-95A4-EDAE070B262D}.Release|Any CPU.ActiveCfg = Release|Any CPU
		{2ED903F3-2E06-458D-95A4-EDAE070B262D}.Release|Any CPU.Build.0 = Release|Any CPU
		{2ED903F3-2E06-458D-95A4-EDAE070B262D}.Release|x64.ActiveCfg = Release|Any CPU
		{2ED903F3-2E06-458D-95A4-EDAE070B262D}.Release|x64.Build.0 = Release|Any CPU
		{2ED903F3-2E06-458D-95A4-EDAE070B262D}.Release|x86.ActiveCfg = Release|Any CPU
		{2ED903F3-2E06-458D-95A4-EDAE070B262D}.Release|x86.Build.0 = Release|Any CPU
		{54196C75-7A8D-41B1-9D87-56E997046CA2}.Debug|Any CPU.ActiveCfg = Debug|Any CPU
		{54196C75-7A8D-41B1-9D87-56E997046CA2}.Debug|Any CPU.Build.0 = Debug|Any CPU
		{54196C75-7A8D-41B1-9D87-56E997046CA2}.Debug|x64.ActiveCfg = Debug|Any CPU
		{54196C75-7A8D-41B1-9D87-56E997046CA2}.Debug|x64.Build.0 = Debug|Any CPU
		{54196C75-7A8D-41B1-9D87-56E997046CA2}.Debug|x86.ActiveCfg = Debug|Any CPU
		{54196C75-7A8D-41B1-9D87-56E997046CA2}.Debug|x86.Build.0 = Debug|Any CPU
		{54196C75-7A8D-41B1-9D87-56E997046CA2}.Release|Any CPU.ActiveCfg = Release|Any CPU
		{54196C75-7A8D-41B1-9D87-56E997046CA2}.Release|Any CPU.Build.0 = Release|Any CPU
		{54196C75-7A8D-41B1-9D87-56E997046CA2}.Release|x64.ActiveCfg = Release|Any CPU
		{54196C75-7A8D-41B1-9D87-56E997046CA2}.Release|x64.Build.0 = Release|Any CPU
		{54196C75-7A8D-41B1-9D87-56E997046CA2}.Release|x86.ActiveCfg = Release|Any CPU
		{54196C75-7A8D-41B1-9D87-56E997046CA2}.Release|x86.Build.0 = Release|Any CPU
		{A8E8871B-E5F7-4D85-AB94-CC7B190B280B}.Debug|Any CPU.ActiveCfg = Debug|Any CPU
		{A8E8871B-E5F7-4D85-AB94-CC7B190B280B}.Debug|Any CPU.Build.0 = Debug|Any CPU
		{A8E8871B-E5F7-4D85-AB94-CC7B190B280B}.Debug|x64.ActiveCfg = Debug|Any CPU
		{A8E8871B-E5F7-4D85-AB94-CC7B190B280B}.Debug|x64.Build.0 = Debug|Any CPU
		{A8E8871B-E5F7-4D85-AB94-CC7B190B280B}.Debug|x86.ActiveCfg = Debug|Any CPU
		{A8E8871B-E5F7-4D85-AB94-CC7B190B280B}.Debug|x86.Build.0 = Debug|Any CPU
		{A8E8871B-E5F7-4D85-AB94-CC7B190B280B}.Release|Any CPU.ActiveCfg = Release|Any CPU
		{A8E8871B-E5F7-4D85-AB94-CC7B190B280B}.Release|Any CPU.Build.0 = Release|Any CPU
		{A8E8871B-E5F7-4D85-AB94-CC7B190B280B}.Release|x64.ActiveCfg = Release|Any CPU
		{A8E8871B-E5F7-4D85-AB94-CC7B190B280B}.Release|x64.Build.0 = Release|Any CPU
		{A8E8871B-E5F7-4D85-AB94-CC7B190B280B}.Release|x86.ActiveCfg = Release|Any CPU
		{A8E8871B-E5F7-4D85-AB94-CC7B190B280B}.Release|x86.Build.0 = Release|Any CPU
		{4F012C6C-982D-4A30-9C78-E203BB4457C6}.Debug|Any CPU.ActiveCfg = Debug|Any CPU
		{4F012C6C-982D-4A30-9C78-E203BB4457C6}.Debug|Any CPU.Build.0 = Debug|Any CPU
		{4F012C6C-982D-4A30-9C78-E203BB4457C6}.Debug|x64.ActiveCfg = Debug|Any CPU
		{4F012C6C-982D-4A30-9C78-E203BB4457C6}.Debug|x64.Build.0 = Debug|Any CPU
		{4F012C6C-982D-4A30-9C78-E203BB4457C6}.Debug|x86.ActiveCfg = Debug|Any CPU
		{4F012C6C-982D-4A30-9C78-E203BB4457C6}.Debug|x86.Build.0 = Debug|Any CPU
		{4F012C6C-982D-4A30-9C78-E203BB4457C6}.Release|Any CPU.ActiveCfg = Release|Any CPU
		{4F012C6C-982D-4A30-9C78-E203BB4457C6}.Release|Any CPU.Build.0 = Release|Any CPU
		{4F012C6C-982D-4A30-9C78-E203BB4457C6}.Release|x64.ActiveCfg = Release|Any CPU
		{4F012C6C-982D-4A30-9C78-E203BB4457C6}.Release|x64.Build.0 = Release|Any CPU
		{4F012C6C-982D-4A30-9C78-E203BB4457C6}.Release|x86.ActiveCfg = Release|Any CPU
		{4F012C6C-982D-4A30-9C78-E203BB4457C6}.Release|x86.Build.0 = Release|Any CPU
		{F973F992-F6EE-4DE6-B69B-7AB31A787A15}.Debug|Any CPU.ActiveCfg = Debug|Any CPU
		{F973F992-F6EE-4DE6-B69B-7AB31A787A15}.Debug|Any CPU.Build.0 = Debug|Any CPU
		{F973F992-F6EE-4DE6-B69B-7AB31A787A15}.Debug|x64.ActiveCfg = Debug|Any CPU
		{F973F992-F6EE-4DE6-B69B-7AB31A787A15}.Debug|x64.Build.0 = Debug|Any CPU
		{F973F992-F6EE-4DE6-B69B-7AB31A787A15}.Debug|x86.ActiveCfg = Debug|Any CPU
		{F973F992-F6EE-4DE6-B69B-7AB31A787A15}.Debug|x86.Build.0 = Debug|Any CPU
		{F973F992-F6EE-4DE6-B69B-7AB31A787A15}.Release|Any CPU.ActiveCfg = Release|Any CPU
		{F973F992-F6EE-4DE6-B69B-7AB31A787A15}.Release|Any CPU.Build.0 = Release|Any CPU
		{F973F992-F6EE-4DE6-B69B-7AB31A787A15}.Release|x64.ActiveCfg = Release|Any CPU
		{F973F992-F6EE-4DE6-B69B-7AB31A787A15}.Release|x64.Build.0 = Release|Any CPU
		{F973F992-F6EE-4DE6-B69B-7AB31A787A15}.Release|x86.ActiveCfg = Release|Any CPU
		{F973F992-F6EE-4DE6-B69B-7AB31A787A15}.Release|x86.Build.0 = Release|Any CPU
		{74799D58-9C62-4057-B31D-AD1BCF902B61}.Debug|Any CPU.ActiveCfg = Debug|Any CPU
		{74799D58-9C62-4057-B31D-AD1BCF902B61}.Debug|Any CPU.Build.0 = Debug|Any CPU
		{74799D58-9C62-4057-B31D-AD1BCF902B61}.Debug|x64.ActiveCfg = Debug|Any CPU
		{74799D58-9C62-4057-B31D-AD1BCF902B61}.Debug|x64.Build.0 = Debug|Any CPU
		{74799D58-9C62-4057-B31D-AD1BCF902B61}.Debug|x86.ActiveCfg = Debug|Any CPU
		{74799D58-9C62-4057-B31D-AD1BCF902B61}.Debug|x86.Build.0 = Debug|Any CPU
		{74799D58-9C62-4057-B31D-AD1BCF902B61}.Release|Any CPU.ActiveCfg = Release|Any CPU
		{74799D58-9C62-4057-B31D-AD1BCF902B61}.Release|Any CPU.Build.0 = Release|Any CPU
		{74799D58-9C62-4057-B31D-AD1BCF902B61}.Release|x64.ActiveCfg = Release|Any CPU
		{74799D58-9C62-4057-B31D-AD1BCF902B61}.Release|x64.Build.0 = Release|Any CPU
		{74799D58-9C62-4057-B31D-AD1BCF902B61}.Release|x86.ActiveCfg = Release|Any CPU
		{74799D58-9C62-4057-B31D-AD1BCF902B61}.Release|x86.Build.0 = Release|Any CPU
		{1EA91A40-2E1D-47C8-AA03-8804A1CE4DDA}.Debug|Any CPU.ActiveCfg = Debug|Any CPU
		{1EA91A40-2E1D-47C8-AA03-8804A1CE4DDA}.Debug|Any CPU.Build.0 = Debug|Any CPU
		{1EA91A40-2E1D-47C8-AA03-8804A1CE4DDA}.Debug|x64.ActiveCfg = Debug|Any CPU
		{1EA91A40-2E1D-47C8-AA03-8804A1CE4DDA}.Debug|x64.Build.0 = Debug|Any CPU
		{1EA91A40-2E1D-47C8-AA03-8804A1CE4DDA}.Debug|x86.ActiveCfg = Debug|Any CPU
		{1EA91A40-2E1D-47C8-AA03-8804A1CE4DDA}.Debug|x86.Build.0 = Debug|Any CPU
		{1EA91A40-2E1D-47C8-AA03-8804A1CE4DDA}.Release|Any CPU.ActiveCfg = Release|Any CPU
		{1EA91A40-2E1D-47C8-AA03-8804A1CE4DDA}.Release|Any CPU.Build.0 = Release|Any CPU
		{1EA91A40-2E1D-47C8-AA03-8804A1CE4DDA}.Release|x64.ActiveCfg = Release|Any CPU
		{1EA91A40-2E1D-47C8-AA03-8804A1CE4DDA}.Release|x64.Build.0 = Release|Any CPU
		{1EA91A40-2E1D-47C8-AA03-8804A1CE4DDA}.Release|x86.ActiveCfg = Release|Any CPU
		{1EA91A40-2E1D-47C8-AA03-8804A1CE4DDA}.Release|x86.Build.0 = Release|Any CPU
		{C822342F-1DD8-4B50-BAE8-6A6FA600B5AA}.Debug|Any CPU.ActiveCfg = Debug|Any CPU
		{C822342F-1DD8-4B50-BAE8-6A6FA600B5AA}.Debug|Any CPU.Build.0 = Debug|Any CPU
		{C822342F-1DD8-4B50-BAE8-6A6FA600B5AA}.Debug|x64.ActiveCfg = Debug|Any CPU
		{C822342F-1DD8-4B50-BAE8-6A6FA600B5AA}.Debug|x64.Build.0 = Debug|Any CPU
		{C822342F-1DD8-4B50-BAE8-6A6FA600B5AA}.Debug|x86.ActiveCfg = Debug|Any CPU
		{C822342F-1DD8-4B50-BAE8-6A6FA600B5AA}.Debug|x86.Build.0 = Debug|Any CPU
		{C822342F-1DD8-4B50-BAE8-6A6FA600B5AA}.Release|Any CPU.ActiveCfg = Release|Any CPU
		{C822342F-1DD8-4B50-BAE8-6A6FA600B5AA}.Release|Any CPU.Build.0 = Release|Any CPU
		{C822342F-1DD8-4B50-BAE8-6A6FA600B5AA}.Release|x64.ActiveCfg = Release|Any CPU
		{C822342F-1DD8-4B50-BAE8-6A6FA600B5AA}.Release|x64.Build.0 = Release|Any CPU
		{C822342F-1DD8-4B50-BAE8-6A6FA600B5AA}.Release|x86.ActiveCfg = Release|Any CPU
		{C822342F-1DD8-4B50-BAE8-6A6FA600B5AA}.Release|x86.Build.0 = Release|Any CPU
		{916D2868-9A6F-4FC5-A686-1015610FF391}.Debug|Any CPU.ActiveCfg = Debug|Any CPU
		{916D2868-9A6F-4FC5-A686-1015610FF391}.Debug|Any CPU.Build.0 = Debug|Any CPU
		{916D2868-9A6F-4FC5-A686-1015610FF391}.Debug|x64.ActiveCfg = Debug|Any CPU
		{916D2868-9A6F-4FC5-A686-1015610FF391}.Debug|x64.Build.0 = Debug|Any CPU
		{916D2868-9A6F-4FC5-A686-1015610FF391}.Debug|x86.ActiveCfg = Debug|Any CPU
		{916D2868-9A6F-4FC5-A686-1015610FF391}.Debug|x86.Build.0 = Debug|Any CPU
		{916D2868-9A6F-4FC5-A686-1015610FF391}.Release|Any CPU.ActiveCfg = Release|Any CPU
		{916D2868-9A6F-4FC5-A686-1015610FF391}.Release|Any CPU.Build.0 = Release|Any CPU
		{916D2868-9A6F-4FC5-A686-1015610FF391}.Release|x64.ActiveCfg = Release|Any CPU
		{916D2868-9A6F-4FC5-A686-1015610FF391}.Release|x64.Build.0 = Release|Any CPU
		{916D2868-9A6F-4FC5-A686-1015610FF391}.Release|x86.ActiveCfg = Release|Any CPU
		{916D2868-9A6F-4FC5-A686-1015610FF391}.Release|x86.Build.0 = Release|Any CPU
		{E91D5335-D9AB-42D3-900C-325C0D18D254}.Debug|Any CPU.ActiveCfg = Debug|Any CPU
		{E91D5335-D9AB-42D3-900C-325C0D18D254}.Debug|Any CPU.Build.0 = Debug|Any CPU
		{E91D5335-D9AB-42D3-900C-325C0D18D254}.Debug|x64.ActiveCfg = Debug|Any CPU
		{E91D5335-D9AB-42D3-900C-325C0D18D254}.Debug|x64.Build.0 = Debug|Any CPU
		{E91D5335-D9AB-42D3-900C-325C0D18D254}.Debug|x86.ActiveCfg = Debug|Any CPU
		{E91D5335-D9AB-42D3-900C-325C0D18D254}.Debug|x86.Build.0 = Debug|Any CPU
		{E91D5335-D9AB-42D3-900C-325C0D18D254}.Release|Any CPU.ActiveCfg = Release|Any CPU
		{E91D5335-D9AB-42D3-900C-325C0D18D254}.Release|Any CPU.Build.0 = Release|Any CPU
		{E91D5335-D9AB-42D3-900C-325C0D18D254}.Release|x64.ActiveCfg = Release|Any CPU
		{E91D5335-D9AB-42D3-900C-325C0D18D254}.Release|x64.Build.0 = Release|Any CPU
		{E91D5335-D9AB-42D3-900C-325C0D18D254}.Release|x86.ActiveCfg = Release|Any CPU
		{E91D5335-D9AB-42D3-900C-325C0D18D254}.Release|x86.Build.0 = Release|Any CPU
		{864EDE5F-92DB-43C4-B960-92E46B2E2D0C}.Debug|Any CPU.ActiveCfg = Debug|Any CPU
		{864EDE5F-92DB-43C4-B960-92E46B2E2D0C}.Debug|Any CPU.Build.0 = Debug|Any CPU
		{864EDE5F-92DB-43C4-B960-92E46B2E2D0C}.Debug|x64.ActiveCfg = Debug|Any CPU
		{864EDE5F-92DB-43C4-B960-92E46B2E2D0C}.Debug|x64.Build.0 = Debug|Any CPU
		{864EDE5F-92DB-43C4-B960-92E46B2E2D0C}.Debug|x86.ActiveCfg = Debug|Any CPU
		{864EDE5F-92DB-43C4-B960-92E46B2E2D0C}.Debug|x86.Build.0 = Debug|Any CPU
		{864EDE5F-92DB-43C4-B960-92E46B2E2D0C}.Release|Any CPU.ActiveCfg = Release|Any CPU
		{864EDE5F-92DB-43C4-B960-92E46B2E2D0C}.Release|Any CPU.Build.0 = Release|Any CPU
		{864EDE5F-92DB-43C4-B960-92E46B2E2D0C}.Release|x64.ActiveCfg = Release|Any CPU
		{864EDE5F-92DB-43C4-B960-92E46B2E2D0C}.Release|x64.Build.0 = Release|Any CPU
		{864EDE5F-92DB-43C4-B960-92E46B2E2D0C}.Release|x86.ActiveCfg = Release|Any CPU
		{864EDE5F-92DB-43C4-B960-92E46B2E2D0C}.Release|x86.Build.0 = Release|Any CPU
		{0E12F400-9507-45A7-B1FF-EC7E85CD6234}.Debug|Any CPU.ActiveCfg = Debug|Any CPU
		{0E12F400-9507-45A7-B1FF-EC7E85CD6234}.Debug|Any CPU.Build.0 = Debug|Any CPU
		{0E12F400-9507-45A7-B1FF-EC7E85CD6234}.Debug|x64.ActiveCfg = Debug|Any CPU
		{0E12F400-9507-45A7-B1FF-EC7E85CD6234}.Debug|x64.Build.0 = Debug|Any CPU
		{0E12F400-9507-45A7-B1FF-EC7E85CD6234}.Debug|x86.ActiveCfg = Debug|Any CPU
		{0E12F400-9507-45A7-B1FF-EC7E85CD6234}.Debug|x86.Build.0 = Debug|Any CPU
		{0E12F400-9507-45A7-B1FF-EC7E85CD6234}.Release|Any CPU.ActiveCfg = Release|Any CPU
		{0E12F400-9507-45A7-B1FF-EC7E85CD6234}.Release|Any CPU.Build.0 = Release|Any CPU
		{0E12F400-9507-45A7-B1FF-EC7E85CD6234}.Release|x64.ActiveCfg = Release|Any CPU
		{0E12F400-9507-45A7-B1FF-EC7E85CD6234}.Release|x64.Build.0 = Release|Any CPU
		{0E12F400-9507-45A7-B1FF-EC7E85CD6234}.Release|x86.ActiveCfg = Release|Any CPU
		{0E12F400-9507-45A7-B1FF-EC7E85CD6234}.Release|x86.Build.0 = Release|Any CPU
		{8FC249CB-549B-4BEF-85E7-FAE1AEE3CAA4}.Debug|Any CPU.ActiveCfg = Debug|Any CPU
		{8FC249CB-549B-4BEF-85E7-FAE1AEE3CAA4}.Debug|Any CPU.Build.0 = Debug|Any CPU
		{8FC249CB-549B-4BEF-85E7-FAE1AEE3CAA4}.Debug|x64.ActiveCfg = Debug|Any CPU
		{8FC249CB-549B-4BEF-85E7-FAE1AEE3CAA4}.Debug|x64.Build.0 = Debug|Any CPU
		{8FC249CB-549B-4BEF-85E7-FAE1AEE3CAA4}.Debug|x86.ActiveCfg = Debug|Any CPU
		{8FC249CB-549B-4BEF-85E7-FAE1AEE3CAA4}.Debug|x86.Build.0 = Debug|Any CPU
		{8FC249CB-549B-4BEF-85E7-FAE1AEE3CAA4}.Release|Any CPU.ActiveCfg = Release|Any CPU
		{8FC249CB-549B-4BEF-85E7-FAE1AEE3CAA4}.Release|Any CPU.Build.0 = Release|Any CPU
		{8FC249CB-549B-4BEF-85E7-FAE1AEE3CAA4}.Release|x64.ActiveCfg = Release|Any CPU
		{8FC249CB-549B-4BEF-85E7-FAE1AEE3CAA4}.Release|x64.Build.0 = Release|Any CPU
		{8FC249CB-549B-4BEF-85E7-FAE1AEE3CAA4}.Release|x86.ActiveCfg = Release|Any CPU
		{8FC249CB-549B-4BEF-85E7-FAE1AEE3CAA4}.Release|x86.Build.0 = Release|Any CPU
		{4D157183-B579-4141-BF18-DF9450335260}.Debug|Any CPU.ActiveCfg = Debug|Any CPU
		{4D157183-B579-4141-BF18-DF9450335260}.Debug|Any CPU.Build.0 = Debug|Any CPU
		{4D157183-B579-4141-BF18-DF9450335260}.Debug|x64.ActiveCfg = Debug|Any CPU
		{4D157183-B579-4141-BF18-DF9450335260}.Debug|x64.Build.0 = Debug|Any CPU
		{4D157183-B579-4141-BF18-DF9450335260}.Debug|x86.ActiveCfg = Debug|Any CPU
		{4D157183-B579-4141-BF18-DF9450335260}.Debug|x86.Build.0 = Debug|Any CPU
		{4D157183-B579-4141-BF18-DF9450335260}.Release|Any CPU.ActiveCfg = Release|Any CPU
		{4D157183-B579-4141-BF18-DF9450335260}.Release|Any CPU.Build.0 = Release|Any CPU
		{4D157183-B579-4141-BF18-DF9450335260}.Release|x64.ActiveCfg = Release|Any CPU
		{4D157183-B579-4141-BF18-DF9450335260}.Release|x64.Build.0 = Release|Any CPU
		{4D157183-B579-4141-BF18-DF9450335260}.Release|x86.ActiveCfg = Release|Any CPU
		{4D157183-B579-4141-BF18-DF9450335260}.Release|x86.Build.0 = Release|Any CPU
		{D934033B-B48F-4101-878A-54241C95BC18}.Debug|Any CPU.ActiveCfg = Debug|Any CPU
		{D934033B-B48F-4101-878A-54241C95BC18}.Debug|Any CPU.Build.0 = Debug|Any CPU
		{D934033B-B48F-4101-878A-54241C95BC18}.Debug|x64.ActiveCfg = Debug|Any CPU
		{D934033B-B48F-4101-878A-54241C95BC18}.Debug|x64.Build.0 = Debug|Any CPU
		{D934033B-B48F-4101-878A-54241C95BC18}.Debug|x86.ActiveCfg = Debug|Any CPU
		{D934033B-B48F-4101-878A-54241C95BC18}.Debug|x86.Build.0 = Debug|Any CPU
		{D934033B-B48F-4101-878A-54241C95BC18}.Release|Any CPU.ActiveCfg = Release|Any CPU
		{D934033B-B48F-4101-878A-54241C95BC18}.Release|Any CPU.Build.0 = Release|Any CPU
		{D934033B-B48F-4101-878A-54241C95BC18}.Release|x64.ActiveCfg = Release|Any CPU
		{D934033B-B48F-4101-878A-54241C95BC18}.Release|x64.Build.0 = Release|Any CPU
		{D934033B-B48F-4101-878A-54241C95BC18}.Release|x86.ActiveCfg = Release|Any CPU
		{D934033B-B48F-4101-878A-54241C95BC18}.Release|x86.Build.0 = Release|Any CPU
		{D9D98A64-1460-4157-BF66-28B93C0D3E1D}.Debug|Any CPU.ActiveCfg = Debug|Any CPU
		{D9D98A64-1460-4157-BF66-28B93C0D3E1D}.Debug|Any CPU.Build.0 = Debug|Any CPU
		{D9D98A64-1460-4157-BF66-28B93C0D3E1D}.Debug|x64.ActiveCfg = Debug|Any CPU
		{D9D98A64-1460-4157-BF66-28B93C0D3E1D}.Debug|x64.Build.0 = Debug|Any CPU
		{D9D98A64-1460-4157-BF66-28B93C0D3E1D}.Debug|x86.ActiveCfg = Debug|Any CPU
		{D9D98A64-1460-4157-BF66-28B93C0D3E1D}.Debug|x86.Build.0 = Debug|Any CPU
		{D9D98A64-1460-4157-BF66-28B93C0D3E1D}.Release|Any CPU.ActiveCfg = Release|Any CPU
		{D9D98A64-1460-4157-BF66-28B93C0D3E1D}.Release|Any CPU.Build.0 = Release|Any CPU
		{D9D98A64-1460-4157-BF66-28B93C0D3E1D}.Release|x64.ActiveCfg = Release|Any CPU
		{D9D98A64-1460-4157-BF66-28B93C0D3E1D}.Release|x64.Build.0 = Release|Any CPU
		{D9D98A64-1460-4157-BF66-28B93C0D3E1D}.Release|x86.ActiveCfg = Release|Any CPU
		{D9D98A64-1460-4157-BF66-28B93C0D3E1D}.Release|x86.Build.0 = Release|Any CPU
		{E41731EC-2054-4EF0-99D6-CB1492ACFF57}.Debug|Any CPU.ActiveCfg = Debug|Any CPU
		{E41731EC-2054-4EF0-99D6-CB1492ACFF57}.Debug|Any CPU.Build.0 = Debug|Any CPU
		{E41731EC-2054-4EF0-99D6-CB1492ACFF57}.Debug|x64.ActiveCfg = Debug|Any CPU
		{E41731EC-2054-4EF0-99D6-CB1492ACFF57}.Debug|x64.Build.0 = Debug|Any CPU
		{E41731EC-2054-4EF0-99D6-CB1492ACFF57}.Debug|x86.ActiveCfg = Debug|Any CPU
		{E41731EC-2054-4EF0-99D6-CB1492ACFF57}.Debug|x86.Build.0 = Debug|Any CPU
		{E41731EC-2054-4EF0-99D6-CB1492ACFF57}.Release|Any CPU.ActiveCfg = Release|Any CPU
		{E41731EC-2054-4EF0-99D6-CB1492ACFF57}.Release|Any CPU.Build.0 = Release|Any CPU
		{E41731EC-2054-4EF0-99D6-CB1492ACFF57}.Release|x64.ActiveCfg = Release|Any CPU
		{E41731EC-2054-4EF0-99D6-CB1492ACFF57}.Release|x64.Build.0 = Release|Any CPU
		{E41731EC-2054-4EF0-99D6-CB1492ACFF57}.Release|x86.ActiveCfg = Release|Any CPU
		{E41731EC-2054-4EF0-99D6-CB1492ACFF57}.Release|x86.Build.0 = Release|Any CPU
		{3F5A6D02-9C41-4B87-8E5D-71C0A2B4E619}.Debug|Any CPU.ActiveCfg = Debug|Any CPU
		{3F5A6D02-9C41-4B87-8E5D-71C0A2B4E619}.Debug|Any CPU.Build.0 = Debug|Any CPU
		{3F5A6D02-9C41-4B87-8E5D-71C0A2B4E619}.Debug|x64.ActiveCfg = Debug|Any CPU
		{3F5A6D02-9C41-4B87-8E5D-71C0A2B4E619}.Debug|x64.Build.0 = Debug|Any CPU
		{3F5A6D02-9C41-4B87-8E5D-71C0A2B4E619}.Debug|x86.ActiveCfg = Debug|Any CPU
		{3F5A6D02-9C41-4B87-8E5D-71C0A2B4E619}.Debug|x86.Build.0 = Debug|Any CPU
		{3F5A6D02-9C41-4B87-8E5D-71C0A2B4E619}.Release|Any CPU.ActiveCfg = Release|Any CPU
		{3F5A6D02-9C41-4B87-8E5D-71C0A2B4E619}.Release|Any CPU.Build.0 = Release|Any CPU
		{3F5A6D02-9C41-4B87-8E5D-71C0A2B4E619}.Release|x64.ActiveCfg = Release|Any CPU
		{3F5A6D02-9C41-4B87-8E5D-71C0A2B4E619}.Release|x64.Build.0 = Release|Any CPU
		{3F5A6D02-9C41-4B87-8E5D-71C0A2B4E619}.Release|x86.ActiveCfg = Release|Any CPU
		{3F5A6D02-9C41-4B87-8E5D-71C0A2B4E619}.Release|x86.Build.0 = Release|Any CPU
		{4E2468D9-BEF4-4E34-B9A1-9CFB95B65CAE}.Debug|Any CPU.ActiveCfg = Debug|Any CPU
		{4E2468D9-BEF4-4E34-B9A1-9CFB95B65CAE}.Debug|Any CPU.Build.0 = Debug|Any CPU
		{4E2468D9-BEF4-4E34-B9A1-9CFB95B65CAE}.Debug|x64.ActiveCfg = Debug|Any CPU
		{4E2468D9-BEF4-4E34-B9A1-9CFB95B65CAE}.Debug|x64.Build.0 = Debug|Any CPU
		{4E2468D9-BEF4-4E34-B9A1-9CFB95B65CAE}.Debug|x86.ActiveCfg = Debug|Any CPU
		{4E2468D9-BEF4-4E34-B9A1-9CFB95B65CAE}.Debug|x86.Build.0 = Debug|Any CPU
		{4E2468D9-BEF4-4E34-B9A1-9CFB95B65CAE}.Release|Any CPU.ActiveCfg = Release|Any CPU
		{4E2468D9-BEF4-4E34-B9A1-9CFB95B65CAE}.Release|Any CPU.Build.0 = Release|Any CPU
		{4E2468D9-BEF4-4E34-B9A1-9CFB95B65CAE}.Release|x64.ActiveCfg = Release|Any CPU
		{4E2468D9-BEF4-4E34-B9A1-9CFB95B65CAE}.Release|x64.Build.0 = Release|Any CPU
		{4E2468D9-BEF4-4E34-B9A1-9CFB95B65CAE}.Release|x86.ActiveCfg = Release|Any CPU
		{4E2468D9-BEF4-4E34-B9A1-9CFB95B65CAE}.Release|x86.Build.0 = Release|Any CPU
	EndGlobalSection
	GlobalSection(SolutionProperties) = preSolution
		HideSolutionNode = FALSE
	EndGlobalSection
	GlobalSection(NestedProjects) = preSolution
		{AB8A13B8-6C50-4765-983A-63F1D78A777E} = {60E4E464-934E-42F0-8137-3F2BA8E3063B}
		{456E0B6D-8774-443B-B395-D8B6F16EF71C} = {DB521FBE-9B99-4349-9736-6C3E6E418964}
		{EAA9F9E3-2684-4C5C-BC70-403F8CE1C4A1} = {60E4E464-934E-42F0-8137-3F2BA8E3063B}
		{DDCE17D6-EDE5-4652-B93F-36187BB6CEAC} = {0C88DD14-F956-CE84-757C-A364CCF449FC}
		{1DD41479-43C0-4EF9-8DEE-8E4C89ABC0B4} = {827E0CD3-B72D-47B6-A68D-7590B98EB39B}
		{F769E490-C505-4FA2-A10D-D451C9936CA2} = {827E0CD3-B72D-47B6-A68D-7590B98EB39B}
		{D397CBE3-5CA3-457E-9DCC-61EEC4CC67CA} = {827E0CD3-B72D-47B6-A68D-7590B98EB39B}
		{30CD7E39-76E2-40F3-9E80-9BEBFD7FB614} = {827E0CD3-B72D-47B6-A68D-7590B98EB39B}
		{40F69929-2843-472E-B523-42CA0CB00B52} = {827E0CD3-B72D-47B6-A68D-7590B98EB39B}
		{293BF9AA-1B23-4244-ACC4-DDED8B91959B} = {827E0CD3-B72D-47B6-A68D-7590B98EB39B}
		{79FFAA07-4C6D-4AF6-B7AD-72B104C4DD0B} = {827E0CD3-B72D-47B6-A68D-7590B98EB39B}
		{EADA96A3-39B0-4815-8813-0E20AD736226} = {827E0CD3-B72D-47B6-A68D-7590B98EB39B}
		{151C717D-42A2-4B40-840E-96828ABA3756} = {827E0CD3-B72D-47B6-A68D-7590B98EB39B}
		{F972757C-FC09-4DF5-B46D-96BA2C800A04} = {827E0CD3-B72D-47B6-A68D-7590B98EB39B}
		{9FE67A15-A05E-44CD-A926-42FCED545225} = {827E0CD3-B72D-47B6-A68D-7590B98EB39B}
		{E6FDE7CE-47D0-4ADE-BFEB-5F21F57220A4} = {827E0CD3-B72D-47B6-A68D-7590B98EB39B}
		{7AA22F5A-E7E5-4CFE-AAF7-48613D2AA3E8} = {827E0CD3-B72D-47B6-A68D-7590B98EB39B}
		{0210968F-934C-417E-A48A-6EAB0F4DF08C} = {827E0CD3-B72D-47B6-A68D-7590B98EB39B}
		{088A4D33-AC20-42FB-858A-E689C8217EA3} = {827E0CD3-B72D-47B6-A68D-7590B98EB39B}
		{1D7B4C21-8BD2-4F4D-9A3A-044DC75E187C} = {0C88DD14-F956-CE84-757C-A364CCF449FC}
		{2ED903F3-2E06-458D-95A4-EDAE070B262D} = {0C88DD14-F956-CE84-757C-A364CCF449FC}
		{54196C75-7A8D-41B1-9D87-56E997046CA2} = {0C88DD14-F956-CE84-757C-A364CCF449FC}
		{A8E8871B-E5F7-4D85-AB94-CC7B190B280B} = {0C88DD14-F956-CE84-757C-A364CCF449FC}
		{4F012C6C-982D-4A30-9C78-E203BB4457C6} = {0C88DD14-F956-CE84-757C-A364CCF449FC}
		{F973F992-F6EE-4DE6-B69B-7AB31A787A15} = {0C88DD14-F956-CE84-757C-A364CCF449FC}
		{74799D58-9C62-4057-B31D-AD1BCF902B61} = {0C88DD14-F956-CE84-757C-A364CCF449FC}
		{1EA91A40-2E1D-47C8-AA03-8804A1CE4DDA} = {0C88DD14-F956-CE84-757C-A364CCF449FC}
		{C822342F-1DD8-4B50-BAE8-6A6FA600B5AA} = {0C88DD14-F956-CE84-757C-A364CCF449FC}
		{916D2868-9A6F-4FC5-A686-1015610FF391} = {0C88DD14-F956-CE84-757C-A364CCF449FC}
		{E91D5335-D9AB-42D3-900C-325C0D18D254} = {0C88DD14-F956-CE84-757C-A364CCF449FC}
		{864EDE5F-92DB-43C4-B960-92E46B2E2D0C} = {0C88DD14-F956-CE84-757C-A364CCF449FC}
		{0E12F400-9507-45A7-B1FF-EC7E85CD6234} = {0C88DD14-F956-CE84-757C-A364CCF449FC}
		{8FC249CB-549B-4BEF-85E7-FAE1AEE3CAA4} = {0C88DD14-F956-CE84-757C-A364CCF449FC}
		{4D157183-B579-4141-BF18-DF9450335260} = {827E0CD3-B72D-47B6-A68D-7590B98EB39B}
		{D934033B-B48F-4101-878A-54241C95BC18} = {0C88DD14-F956-CE84-757C-A364CCF449FC}
		{D9D98A64-1460-4157-BF66-28B93C0D3E1D} = {0C88DD14-F956-CE84-757C-A364CCF449FC}
		{E41731EC-2054-4EF0-99D6-CB1492ACFF57} = {0C88DD14-F956-CE84-757C-A364CCF449FC}
		{3F5A6D02-9C41-4B87-8E5D-71C0A2B4E619} = {0C88DD14-F956-CE84-757C-A364CCF449FC}
		{4E2468D9-BEF4-4E34-B9A1-9CFB95B65CAE} = {827E0CD3-B72D-47B6-A68D-7590B98EB39B}
	EndGlobalSection
EndGlobal
